
Microsoft Visual Studio Solution File, Format Version 12.00
# Visual Studio Version 17
VisualStudioVersion = 17.13.35818.85 d17.13
MinimumVisualStudioVersion = 10.0.40219.1
Project("{FAE04EC0-301F-11D3-BF4B-00C04F79EFBC}") = "day9-part7-inheritance", "day9-part7-inheritance\day9-part7-inheritance.csproj", "{323CD748-2C00-4751-9A7E-7D27156BE72F}"
EndProject
Global
	GlobalSection(SolutionConfigurationPlatforms) = preSolution
		Debug|Any CPU = Debug|Any CPU
		Release|Any CPU = Release|Any CPU
	EndGlobalSection
	GlobalSection(ProjectConfigurationPlatforms) = postSolution
		{323CD748-2C00-4751-9A7E-7D27156BE72F}.Debug|Any CPU.ActiveCfg = Debug|Any CPU
		{323CD748-2C00-4751-9A7E-7D27156BE72F}.Debug|Any CPU.Build.0 = Debug|Any CPU
		{323CD748-2C00-4751-9A7E-7D27156BE72F}.Release|Any CPU.ActiveCfg = Release|Any CPU
		{323CD748-2C00-4751-9A7E-7D27156BE72F}.Release|Any CPU.Build.0 = Release|Any CPU
	EndGlobalSection
	GlobalSection(SolutionProperties) = preSolution
		HideSolutionNode = FALSE
	EndGlobalSection
	GlobalSection(ExtensibilityGlobals) = postSolution
		SolutionGuid = {3CDADA35-779C-460C-9616-89DEDD3A3CD8}
	EndGlobalSection
EndGlobal
