
Microsoft Visual Studio Solution File, Format Version 12.00
# Visual Studio Version 17
VisualStudioVersion = 17.13.35818.85 d17.13
MinimumVisualStudioVersion = 10.0.40219.1
Project("{FAE04EC0-301F-11D3-BF4B-00C04F79EFBC}") = "day4-assignment", "day4-assignment\day4-assignment.csproj", "{3BB555A0-6190-4B8C-8EB9-EE35541DA021}"
EndProject
Global
	GlobalSection(SolutionConfigurationPlatforms) = preSolution
		Debug|Any CPU = Debug|Any CPU
		Release|Any CPU = Release|Any CPU
	EndGlobalSection
	GlobalSection(ProjectConfigurationPlatforms) = postSolution
		{3BB555A0-6190-4B8C-8EB9-EE35541DA021}.Debug|Any CPU.ActiveCfg = Debug|Any CPU
		{3BB555A0-6190-4B8C-8EB9-EE35541DA021}.Debug|Any CPU.Build.0 = Debug|Any CPU
		{3BB555A0-6190-4B8C-8EB9-EE35541DA021}.Release|Any CPU.ActiveCfg = Release|Any CPU
		{3BB555A0-6190-4B8C-8EB9-EE35541DA021}.Release|Any CPU.Build.0 = Release|Any CPU
	EndGlobalSection
	GlobalSection(SolutionProperties) = preSolution
		HideSolutionNode = FALSE
	EndGlobalSection
	GlobalSection(ExtensibilityGlobals) = postSolution
		SolutionGuid = {54AF6CE1-B041-459E-8922-212E3C62A0D4}
	EndGlobalSection
EndGlobal
