
Microsoft Visual Studio Solution File, Format Version 12.00
# Visual Studio Version 17
VisualStudioVersion = 17.13.35818.85 d17.13
MinimumVisualStudioVersion = 10.0.40219.1
Project("{FAE04EC0-301F-11D3-BF4B-00C04F79EFBC}") = "studyReadLine", "studyReadLine\studyReadLine.csproj", "{E7689D7E-3656-4A4D-A854-52A21BA23F00}"
EndProject
Global
	GlobalSection(SolutionConfigurationPlatforms) = preSolution
		Debug|Any CPU = Debug|Any CPU
		Release|Any CPU = Release|Any CPU
	EndGlobalSection
	GlobalSection(ProjectConfigurationPlatforms) = postSolution
		{E7689D7E-3656-4A4D-A854-52A21BA23F00}.Debug|Any CPU.ActiveCfg = Debug|Any CPU
		{E7689D7E-3656-4A4D-A854-52A21BA23F00}.Debug|Any CPU.Build.0 = Debug|Any CPU
		{E7689D7E-3656-4A4D-A854-52A21BA23F00}.Release|Any CPU.ActiveCfg = Release|Any CPU
		{E7689D7E-3656-4A4D-A854-52A21BA23F00}.Release|Any CPU.Build.0 = Release|Any CPU
	EndGlobalSection
	GlobalSection(SolutionProperties) = preSolution
		HideSolutionNode = FALSE
	EndGlobalSection
	GlobalSection(ExtensibilityGlobals) = postSolution
		SolutionGuid = {0716ECFF-B251-4E61-9841-E8FFE41B6208}
	EndGlobalSection
EndGlobal
