
Microsoft Visual Studio Solution File, Format Version 12.00
# Visual Studio Version 17
VisualStudioVersion = 17.13.35818.85 d17.13
MinimumVisualStudioVersion = 10.0.40219.1
Project("{FAE04EC0-301F-11D3-BF4B-00C04F79EFBC}") = "day8-part4-collection", "day8-part4-collection\day8-part4-collection.csproj", "{32EA554C-5DC9-4524-BE1A-7199D17FF9C8}"
EndProject
Global
	GlobalSection(SolutionConfigurationPlatforms) = preSolution
		Debug|Any CPU = Debug|Any CPU
		Release|Any CPU = Release|Any CPU
	EndGlobalSection
	GlobalSection(ProjectConfigurationPlatforms) = postSolution
		{32EA554C-5DC9-4524-BE1A-7199D17FF9C8}.Debug|Any CPU.ActiveCfg = Debug|Any CPU
		{32EA554C-5DC9-4524-BE1A-7199D17FF9C8}.Debug|Any CPU.Build.0 = Debug|Any CPU
		{32EA554C-5DC9-4524-BE1A-7199D17FF9C8}.Release|Any CPU.ActiveCfg = Release|Any CPU
		{32EA554C-5DC9-4524-BE1A-7199D17FF9C8}.Release|Any CPU.Build.0 = Release|Any CPU
	EndGlobalSection
	GlobalSection(SolutionProperties) = preSolution
		HideSolutionNode = FALSE
	EndGlobalSection
	GlobalSection(ExtensibilityGlobals) = postSolution
		SolutionGuid = {18426EEB-BBEE-4D1F-A5A4-9BA1117BB336}
	EndGlobalSection
EndGlobal
