
Microsoft Visual Studio Solution File, Format Version 12.00
# Visual Studio Version 17
VisualStudioVersion = 17.13.35818.85 d17.13
MinimumVisualStudioVersion = 10.0.40219.1
Project("{FAE04EC0-301F-11D3-BF4B-00C04F79EFBC}") = "day9-part10-inheritance-example", "day9-part10-inheritance-example\day9-part10-inheritance-example.csproj", "{C536D2B8-0A20-49E2-BBFD-422E15D46299}"
EndProject
Global
	GlobalSection(SolutionConfigurationPlatforms) = preSolution
		Debug|Any CPU = Debug|Any CPU
		Release|Any CPU = Release|Any CPU
	EndGlobalSection
	GlobalSection(ProjectConfigurationPlatforms) = postSolution
		{C536D2B8-0A20-49E2-BBFD-422E15D46299}.Debug|Any CPU.ActiveCfg = Debug|Any CPU
		{C536D2B8-0A20-49E2-BBFD-422E15D46299}.Debug|Any CPU.Build.0 = Debug|Any CPU
		{C536D2B8-0A20-49E2-BBFD-422E15D46299}.Release|Any CPU.ActiveCfg = Release|Any CPU
		{C536D2B8-0A20-49E2-BBFD-422E15D46299}.Release|Any CPU.Build.0 = Release|Any CPU
	EndGlobalSection
	GlobalSection(SolutionProperties) = preSolution
		HideSolutionNode = FALSE
	EndGlobalSection
	GlobalSection(ExtensibilityGlobals) = postSolution
		SolutionGuid = {106A1276-5FA8-43F7-807A-072F993F85DA}
	EndGlobalSection
EndGlobal
