
Microsoft Visual Studio Solution File, Format Version 12.00
# Visual Studio Version 17
VisualStudioVersion = 17.13.35818.85 d17.13
MinimumVisualStudioVersion = 10.0.40219.1
Project("{FAE04EC0-301F-11D3-BF4B-00C04F79EFBC}") = "day5-project-bingo2", "day5-project-bingo2\day5-project-bingo2.csproj", "{39ADDCBA-6030-4154-9360-54E81A5F2E69}"
EndProject
Global
	GlobalSection(SolutionConfigurationPlatforms) = preSolution
		Debug|Any CPU = Debug|Any CPU
		Release|Any CPU = Release|Any CPU
	EndGlobalSection
	GlobalSection(ProjectConfigurationPlatforms) = postSolution
		{39ADDCBA-6030-4154-9360-54E81A5F2E69}.Debug|Any CPU.ActiveCfg = Debug|Any CPU
		{39ADDCBA-6030-4154-9360-54E81A5F2E69}.Debug|Any CPU.Build.0 = Debug|Any CPU
		{39ADDCBA-6030-4154-9360-54E81A5F2E69}.Release|Any CPU.ActiveCfg = Release|Any CPU
		{39ADDCBA-6030-4154-9360-54E81A5F2E69}.Release|Any CPU.Build.0 = Release|Any CPU
	EndGlobalSection
	GlobalSection(SolutionProperties) = preSolution
		HideSolutionNode = FALSE
	EndGlobalSection
	GlobalSection(ExtensibilityGlobals) = postSolution
		SolutionGuid = {CF8C745B-3AC6-4D2F-A17E-FF0648B3D34A}
	EndGlobalSection
EndGlobal
