
Microsoft Visual Studio Solution File, Format Version 12.00
# Visual Studio Version 17
VisualStudioVersion = 17.13.35818.85 d17.13
MinimumVisualStudioVersion = 10.0.40219.1
Project("{FAE04EC0-301F-11D3-BF4B-00C04F79EFBC}") = "day10-part5", "day10-part5\day10-part5.csproj", "{08057E30-EE99-4AF5-9F67-ED915996CFCB}"
EndProject
Global
	GlobalSection(SolutionConfigurationPlatforms) = preSolution
		Debug|Any CPU = Debug|Any CPU
		Release|Any CPU = Release|Any CPU
	EndGlobalSection
	GlobalSection(ProjectConfigurationPlatforms) = postSolution
		{08057E30-EE99-4AF5-9F67-ED915996CFCB}.Debug|Any CPU.ActiveCfg = Debug|Any CPU
		{08057E30-EE99-4AF5-9F67-ED915996CFCB}.Debug|Any CPU.Build.0 = Debug|Any CPU
		{08057E30-EE99-4AF5-9F67-ED915996CFCB}.Release|Any CPU.ActiveCfg = Release|Any CPU
		{08057E30-EE99-4AF5-9F67-ED915996CFCB}.Release|Any CPU.Build.0 = Release|Any CPU
	EndGlobalSection
	GlobalSection(SolutionProperties) = preSolution
		HideSolutionNode = FALSE
	EndGlobalSection
	GlobalSection(ExtensibilityGlobals) = postSolution
		SolutionGuid = {BA55A1CA-9814-4F5C-9F3C-392E40476A2C}
	EndGlobalSection
EndGlobal
