
Microsoft Visual Studio Solution File, Format Version 12.00
# Visual Studio Version 17
VisualStudioVersion = 17.13.35818.85 d17.13
MinimumVisualStudioVersion = 10.0.40219.1
Project("{FAE04EC0-301F-11D3-BF4B-00C04F79EFBC}") = "day10-part13", "day10-part13\day10-part13.csproj", "{C34CBBB5-3CEF-4FA5-905E-55813652C4BB}"
EndProject
Global
	GlobalSection(SolutionConfigurationPlatforms) = preSolution
		Debug|Any CPU = Debug|Any CPU
		Release|Any CPU = Release|Any CPU
	EndGlobalSection
	GlobalSection(ProjectConfigurationPlatforms) = postSolution
		{C34CBBB5-3CEF-4FA5-905E-55813652C4BB}.Debug|Any CPU.ActiveCfg = Debug|Any CPU
		{C34CBBB5-3CEF-4FA5-905E-55813652C4BB}.Debug|Any CPU.Build.0 = Debug|Any CPU
		{C34CBBB5-3CEF-4FA5-905E-55813652C4BB}.Release|Any CPU.ActiveCfg = Release|Any CPU
		{C34CBBB5-3CEF-4FA5-905E-55813652C4BB}.Release|Any CPU.Build.0 = Release|Any CPU
	EndGlobalSection
	GlobalSection(SolutionProperties) = preSolution
		HideSolutionNode = FALSE
	EndGlobalSection
	GlobalSection(ExtensibilityGlobals) = postSolution
		SolutionGuid = {0D153A21-AB91-4650-90A7-D2C4C9EE0471}
	EndGlobalSection
EndGlobal
