
Microsoft Visual Studio Solution File, Format Version 12.00
# Visual Studio Version 17
VisualStudioVersion = 17.13.35818.85 d17.13
MinimumVisualStudioVersion = 10.0.40219.1
Project("{FAE04EC0-301F-11D3-BF4B-00C04F79EFBC}") = "day6-project-inventory", "day6-project-inventory\day6-project-inventory.csproj", "{0B6CD39F-90DB-446E-B747-C1B12516DC22}"
EndProject
Global
	GlobalSection(SolutionConfigurationPlatforms) = preSolution
		Debug|Any CPU = Debug|Any CPU
		Release|Any CPU = Release|Any CPU
	EndGlobalSection
	GlobalSection(ProjectConfigurationPlatforms) = postSolution
		{0B6CD39F-90DB-446E-B747-C1B12516DC22}.Debug|Any CPU.ActiveCfg = Debug|Any CPU
		{0B6CD39F-90DB-446E-B747-C1B12516DC22}.Debug|Any CPU.Build.0 = Debug|Any CPU
		{0B6CD39F-90DB-446E-B747-C1B12516DC22}.Release|Any CPU.ActiveCfg = Release|Any CPU
		{0B6CD39F-90DB-446E-B747-C1B12516DC22}.Release|Any CPU.Build.0 = Release|Any CPU
	EndGlobalSection
	GlobalSection(SolutionProperties) = preSolution
		HideSolutionNode = FALSE
	EndGlobalSection
	GlobalSection(ExtensibilityGlobals) = postSolution
		SolutionGuid = {2AAD908A-D68E-4807-80D1-182907DC29B1}
	EndGlobalSection
EndGlobal
