
Microsoft Visual Studio Solution File, Format Version 12.00
# Visual Studio Version 17
VisualStudioVersion = 17.13.35818.85 d17.13
MinimumVisualStudioVersion = 10.0.40219.1
Project("{FAE04EC0-301F-11D3-BF4B-00C04F79EFBC}") = "review-session7-SnakeGame", "review-session7-SnakeGame\review-session7-SnakeGame.csproj", "{262E4AF9-50FA-46D0-BF7C-BFE2F71EAB53}"
EndProject
Global
	GlobalSection(SolutionConfigurationPlatforms) = preSolution
		Debug|Any CPU = Debug|Any CPU
		Release|Any CPU = Release|Any CPU
	EndGlobalSection
	GlobalSection(ProjectConfigurationPlatforms) = postSolution
		{262E4AF9-50FA-46D0-BF7C-BFE2F71EAB53}.Debug|Any CPU.ActiveCfg = Debug|Any CPU
		{262E4AF9-50FA-46D0-BF7C-BFE2F71EAB53}.Debug|Any CPU.Build.0 = Debug|Any CPU
		{262E4AF9-50FA-46D0-BF7C-BFE2F71EAB53}.Release|Any CPU.ActiveCfg = Release|Any CPU
		{262E4AF9-50FA-46D0-BF7C-BFE2F71EAB53}.Release|Any CPU.Build.0 = Release|Any CPU
	EndGlobalSection
	GlobalSection(SolutionProperties) = preSolution
		HideSolutionNode = FALSE
	EndGlobalSection
	GlobalSection(ExtensibilityGlobals) = postSolution
		SolutionGuid = {456B8495-9066-4462-BCC0-E6FA6500368E}
	EndGlobalSection
EndGlobal
