
Microsoft Visual Studio Solution File, Format Version 12.00
# Visual Studio Version 17
VisualStudioVersion = 17.13.35818.85 d17.13
MinimumVisualStudioVersion = 10.0.40219.1
Project("{FAE04EC0-301F-11D3-BF4B-00C04F79EFBC}") = "day11-part3-action", "day11-part3-action\day11-part3-action.csproj", "{9E027F62-5BE1-417C-AB78-05DEC40332A7}"
EndProject
Global
	GlobalSection(SolutionConfigurationPlatforms) = preSolution
		Debug|Any CPU = Debug|Any CPU
		Release|Any CPU = Release|Any CPU
	EndGlobalSection
	GlobalSection(ProjectConfigurationPlatforms) = postSolution
		{9E027F62-5BE1-417C-AB78-05DEC40332A7}.Debug|Any CPU.ActiveCfg = Debug|Any CPU
		{9E027F62-5BE1-417C-AB78-05DEC40332A7}.Debug|Any CPU.Build.0 = Debug|Any CPU
		{9E027F62-5BE1-417C-AB78-05DEC40332A7}.Release|Any CPU.ActiveCfg = Release|Any CPU
		{9E027F62-5BE1-417C-AB78-05DEC40332A7}.Release|Any CPU.Build.0 = Release|Any CPU
	EndGlobalSection
	GlobalSection(SolutionProperties) = preSolution
		HideSolutionNode = FALSE
	EndGlobalSection
	GlobalSection(ExtensibilityGlobals) = postSolution
		SolutionGuid = {E88678E8-4A18-42C8-B9E6-0B5E3C39C837}
	EndGlobalSection
EndGlobal
