
Microsoft Visual Studio Solution File, Format Version 12.00
# Visual Studio Version 17
VisualStudioVersion = 17.13.35818.85 d17.13
MinimumVisualStudioVersion = 10.0.40219.1
Project("{FAE04EC0-301F-11D3-BF4B-00C04F79EFBC}") = "day11-part2-event", "day11-part2-event\day11-part2-event.csproj", "{D9051979-E2F7-4FF7-8F8E-B3A3F2178D3A}"
EndProject
Global
	GlobalSection(SolutionConfigurationPlatforms) = preSolution
		Debug|Any CPU = Debug|Any CPU
		Release|Any CPU = Release|Any CPU
	EndGlobalSection
	GlobalSection(ProjectConfigurationPlatforms) = postSolution
		{D9051979-E2F7-4FF7-8F8E-B3A3F2178D3A}.Debug|Any CPU.ActiveCfg = Debug|Any CPU
		{D9051979-E2F7-4FF7-8F8E-B3A3F2178D3A}.Debug|Any CPU.Build.0 = Debug|Any CPU
		{D9051979-E2F7-4FF7-8F8E-B3A3F2178D3A}.Release|Any CPU.ActiveCfg = Release|Any CPU
		{D9051979-E2F7-4FF7-8F8E-B3A3F2178D3A}.Release|Any CPU.Build.0 = Release|Any CPU
	EndGlobalSection
	GlobalSection(SolutionProperties) = preSolution
		HideSolutionNode = FALSE
	EndGlobalSection
	GlobalSection(ExtensibilityGlobals) = postSolution
		SolutionGuid = {70CC8F44-80EC-4A44-845B-13F18083F0A4}
	EndGlobalSection
EndGlobal
