
Microsoft Visual Studio Solution File, Format Version 12.00
# Visual Studio Version 17
VisualStudioVersion = 17.13.35818.85 d17.13
MinimumVisualStudioVersion = 10.0.40219.1
Project("{FAE04EC0-301F-11D3-BF4B-00C04F79EFBC}") = "[day11-test] TextRPG", "[day11-test] TextRPG\[day11-test] TextRPG.csproj", "{002CC5DC-8B2D-434C-B1E3-71A359683234}"
EndProject
Global
	GlobalSection(SolutionConfigurationPlatforms) = preSolution
		Debug|Any CPU = Debug|Any CPU
		Release|Any CPU = Release|Any CPU
	EndGlobalSection
	GlobalSection(ProjectConfigurationPlatforms) = postSolution
		{002CC5DC-8B2D-434C-B1E3-71A359683234}.Debug|Any CPU.ActiveCfg = Debug|Any CPU
		{002CC5DC-8B2D-434C-B1E3-71A359683234}.Debug|Any CPU.Build.0 = Debug|Any CPU
		{002CC5DC-8B2D-434C-B1E3-71A359683234}.Release|Any CPU.ActiveCfg = Release|Any CPU
		{002CC5DC-8B2D-434C-B1E3-71A359683234}.Release|Any CPU.Build.0 = Release|Any CPU
	EndGlobalSection
	GlobalSection(SolutionProperties) = preSolution
		HideSolutionNode = FALSE
	EndGlobalSection
	GlobalSection(ExtensibilityGlobals) = postSolution
		SolutionGuid = {C0C958D3-172A-42F4-8DE7-A7168239631D}
	EndGlobalSection
EndGlobal
