
Microsoft Visual Studio Solution File, Format Version 12.00
# Visual Studio Version 17
VisualStudioVersion = 17.13.35818.85 d17.13
MinimumVisualStudioVersion = 10.0.40219.1
Project("{FAE04EC0-301F-11D3-BF4B-00C04F79EFBC}") = "day9-part2-algorithm", "day9-part2-algorithm\day9-part2-algorithm.csproj", "{FD846AD0-B54C-47D2-8257-CF08E8166F21}"
EndProject
Global
	GlobalSection(SolutionConfigurationPlatforms) = preSolution
		Debug|Any CPU = Debug|Any CPU
		Release|Any CPU = Release|Any CPU
	EndGlobalSection
	GlobalSection(ProjectConfigurationPlatforms) = postSolution
		{FD846AD0-B54C-47D2-8257-CF08E8166F21}.Debug|Any CPU.ActiveCfg = Debug|Any CPU
		{FD846AD0-B54C-47D2-8257-CF08E8166F21}.Debug|Any CPU.Build.0 = Debug|Any CPU
		{FD846AD0-B54C-47D2-8257-CF08E8166F21}.Release|Any CPU.ActiveCfg = Release|Any CPU
		{FD846AD0-B54C-47D2-8257-CF08E8166F21}.Release|Any CPU.Build.0 = Release|Any CPU
	EndGlobalSection
	GlobalSection(SolutionProperties) = preSolution
		HideSolutionNode = FALSE
	EndGlobalSection
	GlobalSection(ExtensibilityGlobals) = postSolution
		SolutionGuid = {6B35E82C-F46D-4AF6-8350-3EF82BD0C319}
	EndGlobalSection
EndGlobal
